{
  "name": "ppa_cardsitereq",
  "version": "0.1.0",
  "lockfileVersion": 1,
  "requires": true,
  "dependencies": {
    "biga.ahk": {
      "version": "0.12.0",
      "resolved": "https://registry.npmjs.org/biga.ahk/-/biga.ahk-0.12.0.tgz",
      "integrity": "sha512-TRw80W0QCHdnhfnfEs/+c/jztM8be5JLSY64+AMO8cEdbB5IS21+F9grZA4hXvuajxzYf2hl+a19PcbhTWOsJA=="
    },
    "json.ahk": {
      "version": "github:chunjee/json.ahk#32a35dbfed3bfedfca79616d2300710c64632c09",
      "from": "github:chunjee/json.ahk"
    }
  }
}
